// !$*UTF8*$!
{
	archiveVersion = 1;
	classes = {
	};
	objectVersion = 56;
	objects = {

/* Begin PBXBuildFile section */
		2B6FC0DC2BB76DE1003BF502 /* SeasonsAndEpisodesViewModelTests.swift in Sources */ = {isa = PBXBuildFile; fileRef = 2B6FC0DB2BB76DE1003BF502 /* SeasonsAndEpisodesViewModelTests.swift */; };
		2B6FC0DE2BB76E5D003BF502 /* XCTExpectation+Util.swift in Sources */ = {isa = PBXBuildFile; fileRef = 2B6FC0DD2BB76E5D003BF502 /* XCTExpectation+Util.swift */; };
		2B6FC0E02BB76FFC003BF502 /* MockAPIClient.swift in Sources */ = {isa = PBXBuildFile; fileRef = 2B6FC0DF2BB76FFC003BF502 /* MockAPIClient.swift */; };
		2B6FC0E22BB78258003BF502 /* PagedShowsView.swift in Sources */ = {isa = PBXBuildFile; fileRef = 2B6FC0E12BB78258003BF502 /* PagedShowsView.swift */; };
		2B6FC0E42BB78279003BF502 /* PagedShowsViewModel.swift in Sources */ = {isa = PBXBuildFile; fileRef = 2B6FC0E32BB78279003BF502 /* PagedShowsViewModel.swift */; };
		2B6FC0E62BB783B8003BF502 /* SampleShowsPage0.json in Resources */ = {isa = PBXBuildFile; fileRef = 2B6FC0E52BB783B8003BF502 /* SampleShowsPage0.json */; };
		2B6FC0E82BB783CE003BF502 /* SampleShowsPage1.json in Resources */ = {isa = PBXBuildFile; fileRef = 2B6FC0E72BB783CE003BF502 /* SampleShowsPage1.json */; };
		2B6FC0EA2BB78964003BF502 /* PosterHavingType.swift in Sources */ = {isa = PBXBuildFile; fileRef = 2B6FC0E92BB78964003BF502 /* PosterHavingType.swift */; };
		2B6FC0ED2BB78BC9003BF502 /* PagedShowsViewModelTests.swift in Sources */ = {isa = PBXBuildFile; fileRef = 2B6FC0EC2BB78BC9003BF502 /* PagedShowsViewModelTests.swift */; };
		2BA981172BB4A1910027CE94 /* TVmazeAssessmentApp.swift in Sources */ = {isa = PBXBuildFile; fileRef = 2BA981162BB4A1910027CE94 /* TVmazeAssessmentApp.swift */; };
		2BA981192BB4A1910027CE94 /* ContentView.swift in Sources */ = {isa = PBXBuildFile; fileRef = 2BA981182BB4A1910027CE94 /* ContentView.swift */; };
		2BA9811D2BB4A1930027CE94 /* Assets.xcassets in Resources */ = {isa = PBXBuildFile; fileRef = 2BA9811C2BB4A1930027CE94 /* Assets.xcassets */; };
		2BA981202BB4A1930027CE94 /* Preview Assets.xcassets in Resources */ = {isa = PBXBuildFile; fileRef = 2BA9811F2BB4A1930027CE94 /* Preview Assets.xcassets */; };
		2BA9812A2BB4A1930027CE94 /* TVmazeAssessmentTests.swift in Sources */ = {isa = PBXBuildFile; fileRef = 2BA981292BB4A1930027CE94 /* TVmazeAssessmentTests.swift */; };
		2BA981342BB4A1930027CE94 /* TVmazeAssessmentUITests.swift in Sources */ = {isa = PBXBuildFile; fileRef = 2BA981332BB4A1930027CE94 /* TVmazeAssessmentUITests.swift */; };
		2BA981362BB4A1930027CE94 /* TVmazeAssessmentUITestsLaunchTests.swift in Sources */ = {isa = PBXBuildFile; fileRef = 2BA981352BB4A1930027CE94 /* TVmazeAssessmentUITestsLaunchTests.swift */; };
		2BA981452BB4A4AA0027CE94 /* Request+Utils.swift in Sources */ = {isa = PBXBuildFile; fileRef = 2BA981442BB4A4AA0027CE94 /* Request+Utils.swift */; };
		2BA981472BB4A4D70027CE94 /* HTTPClient.swift in Sources */ = {isa = PBXBuildFile; fileRef = 2BA981462BB4A4D70027CE94 /* HTTPClient.swift */; };
		2BA981492BB4A4F80027CE94 /* HTTPClientError.swift in Sources */ = {isa = PBXBuildFile; fileRef = 2BA981482BB4A4F80027CE94 /* HTTPClientError.swift */; };
		2BA9814B2BB4A5A50027CE94 /* TVmazeAPIClient.swift in Sources */ = {isa = PBXBuildFile; fileRef = 2BA9814A2BB4A5A50027CE94 /* TVmazeAPIClient.swift */; };
		2BA9814E2BB4A65F0027CE94 /* Show.swift in Sources */ = {isa = PBXBuildFile; fileRef = 2BA9814D2BB4A65F0027CE94 /* Show.swift */; };
		2BA981542BB4B76C0027CE94 /* SampleShow.json in Resources */ = {isa = PBXBuildFile; fileRef = 2BA981532BB4B76C0027CE94 /* SampleShow.json */; };
		2BA981562BB4B7AE0027CE94 /* Images.swift in Sources */ = {isa = PBXBuildFile; fileRef = 2BA981552BB4B7AE0027CE94 /* Images.swift */; };
		2BA981592BB4B7F00027CE94 /* JSONLoader.swift in Sources */ = {isa = PBXBuildFile; fileRef = 2BA981582BB4B7F00027CE94 /* JSONLoader.swift */; };
		2BA9815C2BB4B8690027CE94 /* ShowTests.swift in Sources */ = {isa = PBXBuildFile; fileRef = 2BA9815B2BB4B8690027CE94 /* ShowTests.swift */; };
		2BA981602BB4BE840027CE94 /* SampleShowList.json in Resources */ = {isa = PBXBuildFile; fileRef = 2BA9815F2BB4BE840027CE94 /* SampleShowList.json */; };
		2BA981622BB4C6180027CE94 /* Episode.swift in Sources */ = {isa = PBXBuildFile; fileRef = 2BA981612BB4C6180027CE94 /* Episode.swift */; };
		2BA981642BB4C6310027CE94 /* ShowEpisodesSample.json in Resources */ = {isa = PBXBuildFile; fileRef = 2BA981632BB4C6310027CE94 /* ShowEpisodesSample.json */; };
		2BA981662BB4C6730027CE94 /* EpisodeTests.swift in Sources */ = {isa = PBXBuildFile; fileRef = 2BA981652BB4C6730027CE94 /* EpisodeTests.swift */; };
		2BA981682BB5E7AE0027CE94 /* Shedule.swift in Sources */ = {isa = PBXBuildFile; fileRef = 2BA981672BB5E7AE0027CE94 /* Shedule.swift */; };
		2BA9816A2BB5EEAE0027CE94 /* Season.swift in Sources */ = {isa = PBXBuildFile; fileRef = 2BA981692BB5EEAE0027CE94 /* Season.swift */; };
		2BA9816C2BB5F3730027CE94 /* SeasonTests.swift in Sources */ = {isa = PBXBuildFile; fileRef = 2BA9816B2BB5F3730027CE94 /* SeasonTests.swift */; };
		2BA9816E2BB5FC570027CE94 /* ShowSearchView.swift in Sources */ = {isa = PBXBuildFile; fileRef = 2BA9816D2BB5FC570027CE94 /* ShowSearchView.swift */; };
		2BA981712BB5FCA30027CE94 /* ShowSearchViewModel.swift in Sources */ = {isa = PBXBuildFile; fileRef = 2BA981702BB5FCA30027CE94 /* ShowSearchViewModel.swift */; };
		2BA981742BB6006B0027CE94 /* String+SearchSanitising.swift in Sources */ = {isa = PBXBuildFile; fileRef = 2BA981732BB6006B0027CE94 /* String+SearchSanitising.swift */; };
		2BA981782BB60B5B0027CE94 /* ShowRowView.swift in Sources */ = {isa = PBXBuildFile; fileRef = 2BA981772BB60B5B0027CE94 /* ShowRowView.swift */; };
		2BA9817A2BB611240027CE94 /* ImageCache.swift in Sources */ = {isa = PBXBuildFile; fileRef = 2BA981792BB611240027CE94 /* ImageCache.swift */; };
		2BA9817C2BB61D720027CE94 /* ShowContainer.swift in Sources */ = {isa = PBXBuildFile; fileRef = 2BA9817B2BB61D720027CE94 /* ShowContainer.swift */; };
		2BA9817E2BB61E630027CE94 /* ShowContainerTests.swift in Sources */ = {isa = PBXBuildFile; fileRef = 2BA9817D2BB61E630027CE94 /* ShowContainerTests.swift */; };
		2BA981822BB61ED50027CE94 /* SampleShowSearchResponse.json in Resources */ = {isa = PBXBuildFile; fileRef = 2BA981812BB61ED50027CE94 /* SampleShowSearchResponse.json */; };
		2BA981852BB6241B0027CE94 /* ShowSearchViewModelTests.swift in Sources */ = {isa = PBXBuildFile; fileRef = 2BA981842BB6241B0027CE94 /* ShowSearchViewModelTests.swift */; };
		2BA981892BB659E90027CE94 /* ShowDetailsView.swift in Sources */ = {isa = PBXBuildFile; fileRef = 2BA981882BB659E90027CE94 /* ShowDetailsView.swift */; };
		2BA9818B2BB65A760027CE94 /* SeasonsAndEpisodesViewModel.swift in Sources */ = {isa = PBXBuildFile; fileRef = 2BA9818A2BB65A760027CE94 /* SeasonsAndEpisodesViewModel.swift */; };
		2BA9818D2BB664660027CE94 /* SampleModels.swift in Sources */ = {isa = PBXBuildFile; fileRef = 2BA9818C2BB664660027CE94 /* SampleModels.swift */; };
		2BA981922BB66C510027CE94 /* EpisodeRowView.swift in Sources */ = {isa = PBXBuildFile; fileRef = 2BA981912BB66C510027CE94 /* EpisodeRowView.swift */; };
		2BA981942BB67DCB0027CE94 /* EpisodeDetailsView.swift in Sources */ = {isa = PBXBuildFile; fileRef = 2BA981932BB67DCB0027CE94 /* EpisodeDetailsView.swift */; };
		2BA981962BB684690027CE94 /* Image+Formatting.swift in Sources */ = {isa = PBXBuildFile; fileRef = 2BA981952BB684690027CE94 /* Image+Formatting.swift */; };
		2BA981982BB694790027CE94 /* String+RemoveHTMLTags.swift in Sources */ = {isa = PBXBuildFile; fileRef = 2BA981972BB694790027CE94 /* String+RemoveHTMLTags.swift */; };
/* End PBXBuildFile section */

/* Begin PBXContainerItemProxy section */
		2BA981262BB4A1930027CE94 /* PBXContainerItemProxy */ = {
			isa = PBXContainerItemProxy;
			containerPortal = 2BA9810B2BB4A1910027CE94 /* Project object */;
			proxyType = 1;
			remoteGlobalIDString = 2BA981122BB4A1910027CE94;
			remoteInfo = TVmazeAssessment;
		};
		2BA981302BB4A1930027CE94 /* PBXContainerItemProxy */ = {
			isa = PBXContainerItemProxy;
			containerPortal = 2BA9810B2BB4A1910027CE94 /* Project object */;
			proxyType = 1;
			remoteGlobalIDString = 2BA981122BB4A1910027CE94;
			remoteInfo = TVmazeAssessment;
		};
/* End PBXContainerItemProxy section */

/* Begin PBXFileReference section */
		2B6FC0DB2BB76DE1003BF502 /* SeasonsAndEpisodesViewModelTests.swift */ = {isa = PBXFileReference; lastKnownFileType = sourcecode.swift; path = SeasonsAndEpisodesViewModelTests.swift; sourceTree = "<group>"; };
		2B6FC0DD2BB76E5D003BF502 /* XCTExpectation+Util.swift */ = {isa = PBXFileReference; lastKnownFileType = sourcecode.swift; path = "XCTExpectation+Util.swift"; sourceTree = "<group>"; };
		2B6FC0DF2BB76FFC003BF502 /* MockAPIClient.swift */ = {isa = PBXFileReference; lastKnownFileType = sourcecode.swift; path = MockAPIClient.swift; sourceTree = "<group>"; };
		2B6FC0E12BB78258003BF502 /* PagedShowsView.swift */ = {isa = PBXFileReference; lastKnownFileType = sourcecode.swift; path = PagedShowsView.swift; sourceTree = "<group>"; };
		2B6FC0E32BB78279003BF502 /* PagedShowsViewModel.swift */ = {isa = PBXFileReference; lastKnownFileType = sourcecode.swift; path = PagedShowsViewModel.swift; sourceTree = "<group>"; };
		2B6FC0E52BB783B8003BF502 /* SampleShowsPage0.json */ = {isa = PBXFileReference; lastKnownFileType = text.json; path = SampleShowsPage0.json; sourceTree = "<group>"; };
		2B6FC0E72BB783CE003BF502 /* SampleShowsPage1.json */ = {isa = PBXFileReference; lastKnownFileType = text.json; path = SampleShowsPage1.json; sourceTree = "<group>"; };
		2B6FC0E92BB78964003BF502 /* PosterHavingType.swift */ = {isa = PBXFileReference; lastKnownFileType = sourcecode.swift; path = PosterHavingType.swift; sourceTree = "<group>"; };
		2B6FC0EC2BB78BC9003BF502 /* PagedShowsViewModelTests.swift */ = {isa = PBXFileReference; lastKnownFileType = sourcecode.swift; path = PagedShowsViewModelTests.swift; sourceTree = "<group>"; };
		2BA981132BB4A1910027CE94 /* TVmazeAssessment.app */ = {isa = PBXFileReference; explicitFileType = wrapper.application; includeInIndex = 0; path = TVmazeAssessment.app; sourceTree = BUILT_PRODUCTS_DIR; };
		2BA981162BB4A1910027CE94 /* TVmazeAssessmentApp.swift */ = {isa = PBXFileReference; lastKnownFileType = sourcecode.swift; path = TVmazeAssessmentApp.swift; sourceTree = "<group>"; };
		2BA981182BB4A1910027CE94 /* ContentView.swift */ = {isa = PBXFileReference; lastKnownFileType = sourcecode.swift; path = ContentView.swift; sourceTree = "<group>"; };
		2BA9811C2BB4A1930027CE94 /* Assets.xcassets */ = {isa = PBXFileReference; lastKnownFileType = folder.assetcatalog; path = Assets.xcassets; sourceTree = "<group>"; };
		2BA9811F2BB4A1930027CE94 /* Preview Assets.xcassets */ = {isa = PBXFileReference; lastKnownFileType = folder.assetcatalog; path = "Preview Assets.xcassets"; sourceTree = "<group>"; };
		2BA981252BB4A1930027CE94 /* TVmazeAssessmentTests.xctest */ = {isa = PBXFileReference; explicitFileType = wrapper.cfbundle; includeInIndex = 0; path = TVmazeAssessmentTests.xctest; sourceTree = BUILT_PRODUCTS_DIR; };
		2BA981292BB4A1930027CE94 /* TVmazeAssessmentTests.swift */ = {isa = PBXFileReference; lastKnownFileType = sourcecode.swift; path = TVmazeAssessmentTests.swift; sourceTree = "<group>"; };
		2BA9812F2BB4A1930027CE94 /* TVmazeAssessmentUITests.xctest */ = {isa = PBXFileReference; explicitFileType = wrapper.cfbundle; includeInIndex = 0; path = TVmazeAssessmentUITests.xctest; sourceTree = BUILT_PRODUCTS_DIR; };
		2BA981332BB4A1930027CE94 /* TVmazeAssessmentUITests.swift */ = {isa = PBXFileReference; lastKnownFileType = sourcecode.swift; path = TVmazeAssessmentUITests.swift; sourceTree = "<group>"; };
		2BA981352BB4A1930027CE94 /* TVmazeAssessmentUITestsLaunchTests.swift */ = {isa = PBXFileReference; lastKnownFileType = sourcecode.swift; path = TVmazeAssessmentUITestsLaunchTests.swift; sourceTree = "<group>"; };
		2BA981442BB4A4AA0027CE94 /* Request+Utils.swift */ = {isa = PBXFileReference; lastKnownFileType = sourcecode.swift; path = "Request+Utils.swift"; sourceTree = "<group>"; };
		2BA981462BB4A4D70027CE94 /* HTTPClient.swift */ = {isa = PBXFileReference; lastKnownFileType = sourcecode.swift; path = HTTPClient.swift; sourceTree = "<group>"; };
		2BA981482BB4A4F80027CE94 /* HTTPClientError.swift */ = {isa = PBXFileReference; lastKnownFileType = sourcecode.swift; path = HTTPClientError.swift; sourceTree = "<group>"; };
		2BA9814A2BB4A5A50027CE94 /* TVmazeAPIClient.swift */ = {isa = PBXFileReference; lastKnownFileType = sourcecode.swift; path = TVmazeAPIClient.swift; sourceTree = "<group>"; };
		2BA9814D2BB4A65F0027CE94 /* Show.swift */ = {isa = PBXFileReference; lastKnownFileType = sourcecode.swift; path = Show.swift; sourceTree = "<group>"; };
		2BA981532BB4B76C0027CE94 /* SampleShow.json */ = {isa = PBXFileReference; lastKnownFileType = text.json; path = SampleShow.json; sourceTree = "<group>"; };
		2BA981552BB4B7AE0027CE94 /* Images.swift */ = {isa = PBXFileReference; lastKnownFileType = sourcecode.swift; path = Images.swift; sourceTree = "<group>"; };
		2BA981582BB4B7F00027CE94 /* JSONLoader.swift */ = {isa = PBXFileReference; lastKnownFileType = sourcecode.swift; path = JSONLoader.swift; sourceTree = "<group>"; };
		2BA9815B2BB4B8690027CE94 /* ShowTests.swift */ = {isa = PBXFileReference; lastKnownFileType = sourcecode.swift; path = ShowTests.swift; sourceTree = "<group>"; };
		2BA9815F2BB4BE840027CE94 /* SampleShowList.json */ = {isa = PBXFileReference; lastKnownFileType = text.json; path = SampleShowList.json; sourceTree = "<group>"; };
		2BA981612BB4C6180027CE94 /* Episode.swift */ = {isa = PBXFileReference; lastKnownFileType = sourcecode.swift; path = Episode.swift; sourceTree = "<group>"; };
		2BA981632BB4C6310027CE94 /* ShowEpisodesSample.json */ = {isa = PBXFileReference; lastKnownFileType = text.json; path = ShowEpisodesSample.json; sourceTree = "<group>"; };
		2BA981652BB4C6730027CE94 /* EpisodeTests.swift */ = {isa = PBXFileReference; lastKnownFileType = sourcecode.swift; path = EpisodeTests.swift; sourceTree = "<group>"; };
		2BA981672BB5E7AE0027CE94 /* Shedule.swift */ = {isa = PBXFileReference; lastKnownFileType = sourcecode.swift; path = Shedule.swift; sourceTree = "<group>"; };
		2BA981692BB5EEAE0027CE94 /* Season.swift */ = {isa = PBXFileReference; lastKnownFileType = sourcecode.swift; path = Season.swift; sourceTree = "<group>"; };
		2BA9816B2BB5F3730027CE94 /* SeasonTests.swift */ = {isa = PBXFileReference; lastKnownFileType = sourcecode.swift; path = SeasonTests.swift; sourceTree = "<group>"; };
		2BA9816D2BB5FC570027CE94 /* ShowSearchView.swift */ = {isa = PBXFileReference; lastKnownFileType = sourcecode.swift; path = ShowSearchView.swift; sourceTree = "<group>"; };
		2BA981702BB5FCA30027CE94 /* ShowSearchViewModel.swift */ = {isa = PBXFileReference; lastKnownFileType = sourcecode.swift; path = ShowSearchViewModel.swift; sourceTree = "<group>"; };
		2BA981732BB6006B0027CE94 /* String+SearchSanitising.swift */ = {isa = PBXFileReference; lastKnownFileType = sourcecode.swift; path = "String+SearchSanitising.swift"; sourceTree = "<group>"; };
		2BA981772BB60B5B0027CE94 /* ShowRowView.swift */ = {isa = PBXFileReference; lastKnownFileType = sourcecode.swift; path = ShowRowView.swift; sourceTree = "<group>"; };
		2BA981792BB611240027CE94 /* ImageCache.swift */ = {isa = PBXFileReference; lastKnownFileType = sourcecode.swift; path = ImageCache.swift; sourceTree = "<group>"; };
		2BA9817B2BB61D720027CE94 /* ShowContainer.swift */ = {isa = PBXFileReference; lastKnownFileType = sourcecode.swift; path = ShowContainer.swift; sourceTree = "<group>"; };
		2BA9817D2BB61E630027CE94 /* ShowContainerTests.swift */ = {isa = PBXFileReference; lastKnownFileType = sourcecode.swift; path = ShowContainerTests.swift; sourceTree = "<group>"; };
		2BA981812BB61ED50027CE94 /* SampleShowSearchResponse.json */ = {isa = PBXFileReference; lastKnownFileType = text.json; path = SampleShowSearchResponse.json; sourceTree = "<group>"; };
		2BA981842BB6241B0027CE94 /* ShowSearchViewModelTests.swift */ = {isa = PBXFileReference; lastKnownFileType = sourcecode.swift; path = ShowSearchViewModelTests.swift; sourceTree = "<group>"; };
		2BA981882BB659E90027CE94 /* ShowDetailsView.swift */ = {isa = PBXFileReference; lastKnownFileType = sourcecode.swift; path = ShowDetailsView.swift; sourceTree = "<group>"; };
		2BA9818A2BB65A760027CE94 /* SeasonsAndEpisodesViewModel.swift */ = {isa = PBXFileReference; lastKnownFileType = sourcecode.swift; path = SeasonsAndEpisodesViewModel.swift; sourceTree = "<group>"; };
		2BA9818C2BB664660027CE94 /* SampleModels.swift */ = {isa = PBXFileReference; lastKnownFileType = sourcecode.swift; path = SampleModels.swift; sourceTree = "<group>"; };
		2BA981912BB66C510027CE94 /* EpisodeRowView.swift */ = {isa = PBXFileReference; lastKnownFileType = sourcecode.swift; path = EpisodeRowView.swift; sourceTree = "<group>"; };
		2BA981932BB67DCB0027CE94 /* EpisodeDetailsView.swift */ = {isa = PBXFileReference; lastKnownFileType = sourcecode.swift; path = EpisodeDetailsView.swift; sourceTree = "<group>"; };
		2BA981952BB684690027CE94 /* Image+Formatting.swift */ = {isa = PBXFileReference; lastKnownFileType = sourcecode.swift; path = "Image+Formatting.swift"; sourceTree = "<group>"; };
		2BA981972BB694790027CE94 /* String+RemoveHTMLTags.swift */ = {isa = PBXFileReference; lastKnownFileType = sourcecode.swift; path = "String+RemoveHTMLTags.swift"; sourceTree = "<group>"; };
		2BA981992BB69AC50027CE94 /* Info.plist */ = {isa = PBXFileReference; lastKnownFileType = text.plist; path = Info.plist; sourceTree = "<group>"; };
/* End PBXFileReference section */

/* Begin PBXFrameworksBuildPhase section */
		2BA981102BB4A1910027CE94 /* Frameworks */ = {
			isa = PBXFrameworksBuildPhase;
			buildActionMask = 2147483647;
			files = (
			);
			runOnlyForDeploymentPostprocessing = 0;
		};
		2BA981222BB4A1930027CE94 /* Frameworks */ = {
			isa = PBXFrameworksBuildPhase;
			buildActionMask = 2147483647;
			files = (
			);
			runOnlyForDeploymentPostprocessing = 0;
		};
		2BA9812C2BB4A1930027CE94 /* Frameworks */ = {
			isa = PBXFrameworksBuildPhase;
			buildActionMask = 2147483647;
			files = (
			);
			runOnlyForDeploymentPostprocessing = 0;
		};
/* End PBXFrameworksBuildPhase section */

/* Begin PBXGroup section */
		2B6FC0EB2BB789B2003BF502 /* Protocols */ = {
			isa = PBXGroup;
			children = (
				2B6FC0E92BB78964003BF502 /* PosterHavingType.swift */,
			);
			path = Protocols;
			sourceTree = "<group>";
		};
		2BA9810A2BB4A1910027CE94 = {
			isa = PBXGroup;
			children = (
				2BA981152BB4A1910027CE94 /* TVmazeAssessment */,
				2BA981282BB4A1930027CE94 /* TVmazeAssessmentTests */,
				2BA981322BB4A1930027CE94 /* TVmazeAssessmentUITests */,
				2BA981142BB4A1910027CE94 /* Products */,
			);
			sourceTree = "<group>";
		};
		2BA981142BB4A1910027CE94 /* Products */ = {
			isa = PBXGroup;
			children = (
				2BA981132BB4A1910027CE94 /* TVmazeAssessment.app */,
				2BA981252BB4A1930027CE94 /* TVmazeAssessmentTests.xctest */,
				2BA9812F2BB4A1930027CE94 /* TVmazeAssessmentUITests.xctest */,
			);
			name = Products;
			sourceTree = "<group>";
		};
		2BA981152BB4A1910027CE94 /* TVmazeAssessment */ = {
			isa = PBXGroup;
			children = (
				2BA981992BB69AC50027CE94 /* Info.plist */,
				2BA9818E2BB667D40027CE94 /* Styling */,
				2BA981722BB600570027CE94 /* Util */,
				2BA9814C2BB4A6430027CE94 /* Model */,
				2BA9814F2BB4B3A30027CE94 /* View */,
				2BA9816F2BB5FC8B0027CE94 /* ViewModel */,
				2BA981422BB4A4480027CE94 /* API */,
				2BA981162BB4A1910027CE94 /* TVmazeAssessmentApp.swift */,
				2BA9811C2BB4A1930027CE94 /* Assets.xcassets */,
				2BA9811E2BB4A1930027CE94 /* Preview Content */,
			);
			path = TVmazeAssessment;
			sourceTree = "<group>";
		};
		2BA9811E2BB4A1930027CE94 /* Preview Content */ = {
			isa = PBXGroup;
			children = (
				2BA9811F2BB4A1930027CE94 /* Preview Assets.xcassets */,
				2BA9818C2BB664660027CE94 /* SampleModels.swift */,
			);
			path = "Preview Content";
			sourceTree = "<group>";
		};
		2BA981282BB4A1930027CE94 /* TVmazeAssessmentTests */ = {
			isa = PBXGroup;
			children = (
				2BA981832BB623FF0027CE94 /* ViewModel */,
				2BA9815A2BB4B8570027CE94 /* Model */,
				2BA981572BB4B7CC0027CE94 /* Util */,
				2BA981522BB4B74A0027CE94 /* Documents */,
				2BA981292BB4A1930027CE94 /* TVmazeAssessmentTests.swift */,
			);
			path = TVmazeAssessmentTests;
			sourceTree = "<group>";
		};
		2BA981322BB4A1930027CE94 /* TVmazeAssessmentUITests */ = {
			isa = PBXGroup;
			children = (
				2BA981332BB4A1930027CE94 /* TVmazeAssessmentUITests.swift */,
				2BA981352BB4A1930027CE94 /* TVmazeAssessmentUITestsLaunchTests.swift */,
			);
			path = TVmazeAssessmentUITests;
			sourceTree = "<group>";
		};
		2BA981422BB4A4480027CE94 /* API */ = {
			isa = PBXGroup;
			children = (
				2BA981432BB4A4550027CE94 /* HTTPClient */,
				2BA9814A2BB4A5A50027CE94 /* TVmazeAPIClient.swift */,
				2BA981792BB611240027CE94 /* ImageCache.swift */,
			);
			path = API;
			sourceTree = "<group>";
		};
		2BA981432BB4A4550027CE94 /* HTTPClient */ = {
			isa = PBXGroup;
			children = (
				2BA981442BB4A4AA0027CE94 /* Request+Utils.swift */,
				2BA981462BB4A4D70027CE94 /* HTTPClient.swift */,
				2BA981482BB4A4F80027CE94 /* HTTPClientError.swift */,
			);
			path = HTTPClient;
			sourceTree = "<group>";
		};
		2BA9814C2BB4A6430027CE94 /* Model */ = {
			isa = PBXGroup;
			children = (
				2B6FC0EB2BB789B2003BF502 /* Protocols */,
				2BA9814D2BB4A65F0027CE94 /* Show.swift */,
				2BA981552BB4B7AE0027CE94 /* Images.swift */,
				2BA981612BB4C6180027CE94 /* Episode.swift */,
				2BA981672BB5E7AE0027CE94 /* Shedule.swift */,
				2BA981692BB5EEAE0027CE94 /* Season.swift */,
				2BA9817B2BB61D720027CE94 /* ShowContainer.swift */,
			);
			path = Model;
			sourceTree = "<group>";
		};
		2BA9814F2BB4B3A30027CE94 /* View */ = {
			isa = PBXGroup;
			children = (
				2BA981762BB60B490027CE94 /* Controls */,
				2BA981752BB60B3B0027CE94 /* Screens */,
			);
			path = View;
			sourceTree = "<group>";
		};
		2BA981522BB4B74A0027CE94 /* Documents */ = {
			isa = PBXGroup;
			children = (
				2BA981532BB4B76C0027CE94 /* SampleShow.json */,
				2BA9815F2BB4BE840027CE94 /* SampleShowList.json */,
				2BA981632BB4C6310027CE94 /* ShowEpisodesSample.json */,
				2BA981812BB61ED50027CE94 /* SampleShowSearchResponse.json */,
				2B6FC0E52BB783B8003BF502 /* SampleShowsPage0.json */,
				2B6FC0E72BB783CE003BF502 /* SampleShowsPage1.json */,
			);
			path = Documents;
			sourceTree = "<group>";
		};
		2BA981572BB4B7CC0027CE94 /* Util */ = {
			isa = PBXGroup;
			children = (
				2BA981582BB4B7F00027CE94 /* JSONLoader.swift */,
				2B6FC0DD2BB76E5D003BF502 /* XCTExpectation+Util.swift */,
				2B6FC0DF2BB76FFC003BF502 /* MockAPIClient.swift */,
			);
			path = Util;
			sourceTree = "<group>";
		};
		2BA9815A2BB4B8570027CE94 /* Model */ = {
			isa = PBXGroup;
			children = (
				2BA9815B2BB4B8690027CE94 /* ShowTests.swift */,
				2BA981652BB4C6730027CE94 /* EpisodeTests.swift */,
				2BA9816B2BB5F3730027CE94 /* SeasonTests.swift */,
				2BA9817D2BB61E630027CE94 /* ShowContainerTests.swift */,
			);
			path = Model;
			sourceTree = "<group>";
		};
		2BA9816F2BB5FC8B0027CE94 /* ViewModel */ = {
			isa = PBXGroup;
			children = (
				2BA981702BB5FCA30027CE94 /* ShowSearchViewModel.swift */,
				2BA9818A2BB65A760027CE94 /* SeasonsAndEpisodesViewModel.swift */,
				2B6FC0E32BB78279003BF502 /* PagedShowsViewModel.swift */,
			);
			path = ViewModel;
			sourceTree = "<group>";
		};
		2BA981722BB600570027CE94 /* Util */ = {
			isa = PBXGroup;
			children = (
				2BA981732BB6006B0027CE94 /* String+SearchSanitising.swift */,
			);
			path = Util;
			sourceTree = "<group>";
		};
		2BA981752BB60B3B0027CE94 /* Screens */ = {
			isa = PBXGroup;
			children = (
				2BA981182BB4A1910027CE94 /* ContentView.swift */,
				2BA981932BB67DCB0027CE94 /* EpisodeDetailsView.swift */,
				2BA981882BB659E90027CE94 /* ShowDetailsView.swift */,
				2BA9816D2BB5FC570027CE94 /* ShowSearchView.swift */,
				2B6FC0E12BB78258003BF502 /* PagedShowsView.swift */,
			);
			path = Screens;
			sourceTree = "<group>";
		};
		2BA981762BB60B490027CE94 /* Controls */ = {
			isa = PBXGroup;
			children = (
				2BA981912BB66C510027CE94 /* EpisodeRowView.swift */,
				2BA981772BB60B5B0027CE94 /* ShowRowView.swift */,
			);
			path = Controls;
			sourceTree = "<group>";
		};
		2BA981832BB623FF0027CE94 /* ViewModel */ = {
			isa = PBXGroup;
			children = (
				2BA981842BB6241B0027CE94 /* ShowSearchViewModelTests.swift */,
				2B6FC0DB2BB76DE1003BF502 /* SeasonsAndEpisodesViewModelTests.swift */,
				2B6FC0EC2BB78BC9003BF502 /* PagedShowsViewModelTests.swift */,
			);
			path = ViewModel;
			sourceTree = "<group>";
		};
		2BA9818E2BB667D40027CE94 /* Styling */ = {
			isa = PBXGroup;
			children = (
				2BA981952BB684690027CE94 /* Image+Formatting.swift */,
				2BA981972BB694790027CE94 /* String+RemoveHTMLTags.swift */,
			);
			path = Styling;
			sourceTree = "<group>";
		};
/* End PBXGroup section */

/* Begin PBXNativeTarget section */
		2BA981122BB4A1910027CE94 /* TVmazeAssessment */ = {
			isa = PBXNativeTarget;
			buildConfigurationList = 2BA981392BB4A1930027CE94 /* Build configuration list for PBXNativeTarget "TVmazeAssessment" */;
			buildPhases = (
				2BA9810F2BB4A1910027CE94 /* Sources */,
				2BA981102BB4A1910027CE94 /* Frameworks */,
				2BA981112BB4A1910027CE94 /* Resources */,
			);
			buildRules = (
			);
			dependencies = (
			);
			name = TVmazeAssessment;
			productName = TVmazeAssessment;
			productReference = 2BA981132BB4A1910027CE94 /* TVmazeAssessment.app */;
			productType = "com.apple.product-type.application";
		};
		2BA981242BB4A1930027CE94 /* TVmazeAssessmentTests */ = {
			isa = PBXNativeTarget;
			buildConfigurationList = 2BA9813C2BB4A1930027CE94 /* Build configuration list for PBXNativeTarget "TVmazeAssessmentTests" */;
			buildPhases = (
				2BA981212BB4A1930027CE94 /* Sources */,
				2BA981222BB4A1930027CE94 /* Frameworks */,
				2BA981232BB4A1930027CE94 /* Resources */,
			);
			buildRules = (
			);
			dependencies = (
				2BA981272BB4A1930027CE94 /* PBXTargetDependency */,
			);
			name = TVmazeAssessmentTests;
			productName = TVmazeAssessmentTests;
			productReference = 2BA981252BB4A1930027CE94 /* TVmazeAssessmentTests.xctest */;
			productType = "com.apple.product-type.bundle.unit-test";
		};
		2BA9812E2BB4A1930027CE94 /* TVmazeAssessmentUITests */ = {
			isa = PBXNativeTarget;
			buildConfigurationList = 2BA9813F2BB4A1930027CE94 /* Build configuration list for PBXNativeTarget "TVmazeAssessmentUITests" */;
			buildPhases = (
				2BA9812B2BB4A1930027CE94 /* Sources */,
				2BA9812C2BB4A1930027CE94 /* Frameworks */,
				2BA9812D2BB4A1930027CE94 /* Resources */,
			);
			buildRules = (
			);
			dependencies = (
				2BA981312BB4A1930027CE94 /* PBXTargetDependency */,
			);
			name = TVmazeAssessmentUITests;
			productName = TVmazeAssessmentUITests;
			productReference = 2BA9812F2BB4A1930027CE94 /* TVmazeAssessmentUITests.xctest */;
			productType = "com.apple.product-type.bundle.ui-testing";
		};
/* End PBXNativeTarget section */

/* Begin PBXProject section */
		2BA9810B2BB4A1910027CE94 /* Project object */ = {
			isa = PBXProject;
			attributes = {
				BuildIndependentTargetsInParallel = 1;
				LastSwiftUpdateCheck = 1500;
				LastUpgradeCheck = 1500;
				TargetAttributes = {
					2BA981122BB4A1910027CE94 = {
						CreatedOnToolsVersion = 15.0.1;
					};
					2BA981242BB4A1930027CE94 = {
						CreatedOnToolsVersion = 15.0.1;
						TestTargetID = 2BA981122BB4A1910027CE94;
					};
					2BA9812E2BB4A1930027CE94 = {
						CreatedOnToolsVersion = 15.0.1;
						TestTargetID = 2BA981122BB4A1910027CE94;
					};
				};
			};
			buildConfigurationList = 2BA9810E2BB4A1910027CE94 /* Build configuration list for PBXProject "TVmazeAssessment" */;
			compatibilityVersion = "Xcode 14.0";
			developmentRegion = en;
			hasScannedForEncodings = 0;
			knownRegions = (
				en,
				Base,
			);
			mainGroup = 2BA9810A2BB4A1910027CE94;
			productRefGroup = 2BA981142BB4A1910027CE94 /* Products */;
			projectDirPath = "";
			projectRoot = "";
			targets = (
				2BA981122BB4A1910027CE94 /* TVmazeAssessment */,
				2BA981242BB4A1930027CE94 /* TVmazeAssessmentTests */,
				2BA9812E2BB4A1930027CE94 /* TVmazeAssessmentUITests */,
			);
		};
/* End PBXProject section */

/* Begin PBXResourcesBuildPhase section */
		2BA981112BB4A1910027CE94 /* Resources */ = {
			isa = PBXResourcesBuildPhase;
			buildActionMask = 2147483647;
			files = (
				2BA981202BB4A1930027CE94 /* Preview Assets.xcassets in Resources */,
				2BA9811D2BB4A1930027CE94 /* Assets.xcassets in Resources */,
			);
			runOnlyForDeploymentPostprocessing = 0;
		};
		2BA981232BB4A1930027CE94 /* Resources */ = {
			isa = PBXResourcesBuildPhase;
			buildActionMask = 2147483647;
			files = (
				2BA981642BB4C6310027CE94 /* ShowEpisodesSample.json in Resources */,
				2BA981822BB61ED50027CE94 /* SampleShowSearchResponse.json in Resources */,
				2BA981602BB4BE840027CE94 /* SampleShowList.json in Resources */,
				2B6FC0E82BB783CE003BF502 /* SampleShowsPage1.json in Resources */,
				2B6FC0E62BB783B8003BF502 /* SampleShowsPage0.json in Resources */,
				2BA981542BB4B76C0027CE94 /* SampleShow.json in Resources */,
			);
			runOnlyForDeploymentPostprocessing = 0;
		};
		2BA9812D2BB4A1930027CE94 /* Resources */ = {
			isa = PBXResourcesBuildPhase;
			buildActionMask = 2147483647;
			files = (
			);
			runOnlyForDeploymentPostprocessing = 0;
		};
/* End PBXResourcesBuildPhase section */

/* Begin PBXSourcesBuildPhase section */
		2BA9810F2BB4A1910027CE94 /* Sources */ = {
			isa = PBXSourcesBuildPhase;
			buildActionMask = 2147483647;
			files = (
				2BA9817C2BB61D720027CE94 /* ShowContainer.swift in Sources */,
				2BA981782BB60B5B0027CE94 /* ShowRowView.swift in Sources */,
				2BA981192BB4A1910027CE94 /* ContentView.swift in Sources */,
				2BA9817A2BB611240027CE94 /* ImageCache.swift in Sources */,
				2BA981712BB5FCA30027CE94 /* ShowSearchViewModel.swift in Sources */,
				2BA981562BB4B7AE0027CE94 /* Images.swift in Sources */,
				2BA9818B2BB65A760027CE94 /* SeasonsAndEpisodesViewModel.swift in Sources */,
				2BA981472BB4A4D70027CE94 /* HTTPClient.swift in Sources */,
				2BA9814E2BB4A65F0027CE94 /* Show.swift in Sources */,
				2BA9816A2BB5EEAE0027CE94 /* Season.swift in Sources */,
				2BA981452BB4A4AA0027CE94 /* Request+Utils.swift in Sources */,
				2BA981892BB659E90027CE94 /* ShowDetailsView.swift in Sources */,
				2BA981942BB67DCB0027CE94 /* EpisodeDetailsView.swift in Sources */,
				2BA981492BB4A4F80027CE94 /* HTTPClientError.swift in Sources */,
				2BA9814B2BB4A5A50027CE94 /* TVmazeAPIClient.swift in Sources */,
				2BA981922BB66C510027CE94 /* EpisodeRowView.swift in Sources */,
				2BA9818D2BB664660027CE94 /* SampleModels.swift in Sources */,
				2BA981682BB5E7AE0027CE94 /* Shedule.swift in Sources */,
				2BA981622BB4C6180027CE94 /* Episode.swift in Sources */,
				2BA981962BB684690027CE94 /* Image+Formatting.swift in Sources */,
				2B6FC0EA2BB78964003BF502 /* PosterHavingType.swift in Sources */,
				2B6FC0E22BB78258003BF502 /* PagedShowsView.swift in Sources */,
				2BA981982BB694790027CE94 /* String+RemoveHTMLTags.swift in Sources */,
				2B6FC0E42BB78279003BF502 /* PagedShowsViewModel.swift in Sources */,
				2BA981172BB4A1910027CE94 /* TVmazeAssessmentApp.swift in Sources */,
				2BA9816E2BB5FC570027CE94 /* ShowSearchView.swift in Sources */,
				2BA981742BB6006B0027CE94 /* String+SearchSanitising.swift in Sources */,
			);
			runOnlyForDeploymentPostprocessing = 0;
		};
		2BA981212BB4A1930027CE94 /* Sources */ = {
			isa = PBXSourcesBuildPhase;
			buildActionMask = 2147483647;
			files = (
				2BA9817E2BB61E630027CE94 /* ShowContainerTests.swift in Sources */,
				2BA9816C2BB5F3730027CE94 /* SeasonTests.swift in Sources */,
				2BA981852BB6241B0027CE94 /* ShowSearchViewModelTests.swift in Sources */,
				2B6FC0E02BB76FFC003BF502 /* MockAPIClient.swift in Sources */,
				2BA9812A2BB4A1930027CE94 /* TVmazeAssessmentTests.swift in Sources */,
				2BA9815C2BB4B8690027CE94 /* ShowTests.swift in Sources */,
				2BA981662BB4C6730027CE94 /* EpisodeTests.swift in Sources */,
				2B6FC0ED2BB78BC9003BF502 /* PagedShowsViewModelTests.swift in Sources */,
				2B6FC0DE2BB76E5D003BF502 /* XCTExpectation+Util.swift in Sources */,
				2BA981592BB4B7F00027CE94 /* JSONLoader.swift in Sources */,
				2B6FC0DC2BB76DE1003BF502 /* SeasonsAndEpisodesViewModelTests.swift in Sources */,
			);
			runOnlyForDeploymentPostprocessing = 0;
		};
		2BA9812B2BB4A1930027CE94 /* Sources */ = {
			isa = PBXSourcesBuildPhase;
			buildActionMask = 2147483647;
			files = (
				2BA981342BB4A1930027CE94 /* TVmazeAssessmentUITests.swift in Sources */,
				2BA981362BB4A1930027CE94 /* TVmazeAssessmentUITestsLaunchTests.swift in Sources */,
			);
			runOnlyForDeploymentPostprocessing = 0;
		};
/* End PBXSourcesBuildPhase section */

/* Begin PBXTargetDependency section */
		2BA981272BB4A1930027CE94 /* PBXTargetDependency */ = {
			isa = PBXTargetDependency;
			target = 2BA981122BB4A1910027CE94 /* TVmazeAssessment */;
			targetProxy = 2BA981262BB4A1930027CE94 /* PBXContainerItemProxy */;
		};
		2BA981312BB4A1930027CE94 /* PBXTargetDependency */ = {
			isa = PBXTargetDependency;
			target = 2BA981122BB4A1910027CE94 /* TVmazeAssessment */;
			targetProxy = 2BA981302BB4A1930027CE94 /* PBXContainerItemProxy */;
		};
/* End PBXTargetDependency section */

/* Begin XCBuildConfiguration section */
		2BA981372BB4A1930027CE94 /* Debug */ = {
			isa = XCBuildConfiguration;
			buildSettings = {
				ALWAYS_SEARCH_USER_PATHS = NO;
				ASSETCATALOG_COMPILER_GENERATE_SWIFT_ASSET_SYMBOL_EXTENSIONS = YES;
				CLANG_ANALYZER_NONNULL = YES;
				CLANG_ANALYZER_NUMBER_OBJECT_CONVERSION = YES_AGGRESSIVE;
				CLANG_CXX_LANGUAGE_STANDARD = "gnu++20";
				CLANG_ENABLE_MODULES = YES;
				CLANG_ENABLE_OBJC_ARC = YES;
				CLANG_ENABLE_OBJC_WEAK = YES;
				CLANG_WARN_BLOCK_CAPTURE_AUTORELEASING = YES;
				CLANG_WARN_BOOL_CONVERSION = YES;
				CLANG_WARN_COMMA = YES;
				CLANG_WARN_CONSTANT_CONVERSION = YES;
				CLANG_WARN_DEPRECATED_OBJC_IMPLEMENTATIONS = YES;
				CLANG_WARN_DIRECT_OBJC_ISA_USAGE = YES_ERROR;
				CLANG_WARN_DOCUMENTATION_COMMENTS = YES;
				CLANG_WARN_EMPTY_BODY = YES;
				CLANG_WARN_ENUM_CONVERSION = YES;
				CLANG_WARN_INFINITE_RECURSION = YES;
				CLANG_WARN_INT_CONVERSION = YES;
				CLANG_WARN_NON_LITERAL_NULL_CONVERSION = YES;
				CLANG_WARN_OBJC_IMPLICIT_RETAIN_SELF = YES;
				CLANG_WARN_OBJC_LITERAL_CONVERSION = YES;
				CLANG_WARN_OBJC_ROOT_CLASS = YES_ERROR;
				CLANG_WARN_QUOTED_INCLUDE_IN_FRAMEWORK_HEADER = YES;
				CLANG_WARN_RANGE_LOOP_ANALYSIS = YES;
				CLANG_WARN_STRICT_PROTOTYPES = YES;
				CLANG_WARN_SUSPICIOUS_MOVE = YES;
				CLANG_WARN_UNGUARDED_AVAILABILITY = YES_AGGRESSIVE;
				CLANG_WARN_UNREACHABLE_CODE = YES;
				CLANG_WARN__DUPLICATE_METHOD_MATCH = YES;
				COPY_PHASE_STRIP = NO;
				DEBUG_INFORMATION_FORMAT = dwarf;
				ENABLE_STRICT_OBJC_MSGSEND = YES;
				ENABLE_TESTABILITY = YES;
				ENABLE_USER_SCRIPT_SANDBOXING = YES;
				GCC_C_LANGUAGE_STANDARD = gnu17;
				GCC_DYNAMIC_NO_PIC = NO;
				GCC_NO_COMMON_BLOCKS = YES;
				GCC_OPTIMIZATION_LEVEL = 0;
				GCC_PREPROCESSOR_DEFINITIONS = (
					"DEBUG=1",
					"$(inherited)",
				);
				GCC_WARN_64_TO_32_BIT_CONVERSION = YES;
				GCC_WARN_ABOUT_RETURN_TYPE = YES_ERROR;
				GCC_WARN_UNDECLARED_SELECTOR = YES;
				GCC_WARN_UNINITIALIZED_AUTOS = YES_AGGRESSIVE;
				GCC_WARN_UNUSED_FUNCTION = YES;
				GCC_WARN_UNUSED_VARIABLE = YES;
				IPHONEOS_DEPLOYMENT_TARGET = 16.0;
				LOCALIZATION_PREFERS_STRING_CATALOGS = YES;
				MTL_ENABLE_DEBUG_INFO = INCLUDE_SOURCE;
				MTL_FAST_MATH = YES;
				ONLY_ACTIVE_ARCH = YES;
				SDKROOT = iphoneos;
				SWIFT_ACTIVE_COMPILATION_CONDITIONS = "DEBUG $(inherited)";
				SWIFT_OPTIMIZATION_LEVEL = "-Onone";
			};
			name = Debug;
		};
		2BA981382BB4A1930027CE94 /* Release */ = {
			isa = XCBuildConfiguration;
			buildSettings = {
				ALWAYS_SEARCH_USER_PATHS = NO;
				ASSETCATALOG_COMPILER_GENERATE_SWIFT_ASSET_SYMBOL_EXTENSIONS = YES;
				CLANG_ANALYZER_NONNULL = YES;
				CLANG_ANALYZER_NUMBER_OBJECT_CONVERSION = YES_AGGRESSIVE;
				CLANG_CXX_LANGUAGE_STANDARD = "gnu++20";
				CLANG_ENABLE_MODULES = YES;
				CLANG_ENABLE_OBJC_ARC = YES;
				CLANG_ENABLE_OBJC_WEAK = YES;
				CLANG_WARN_BLOCK_CAPTURE_AUTORELEASING = YES;
				CLANG_WARN_BOOL_CONVERSION = YES;
				CLANG_WARN_COMMA = YES;
				CLANG_WARN_CONSTANT_CONVERSION = YES;
				CLANG_WARN_DEPRECATED_OBJC_IMPLEMENTATIONS = YES;
				CLANG_WARN_DIRECT_OBJC_ISA_USAGE = YES_ERROR;
				CLANG_WARN_DOCUMENTATION_COMMENTS = YES;
				CLANG_WARN_EMPTY_BODY = YES;
				CLANG_WARN_ENUM_CONVERSION = YES;
				CLANG_WARN_INFINITE_RECURSION = YES;
				CLANG_WARN_INT_CONVERSION = YES;
				CLANG_WARN_NON_LITERAL_NULL_CONVERSION = YES;
				CLANG_WARN_OBJC_IMPLICIT_RETAIN_SELF = YES;
				CLANG_WARN_OBJC_LITERAL_CONVERSION = YES;
				CLANG_WARN_OBJC_ROOT_CLASS = YES_ERROR;
				CLANG_WARN_QUOTED_INCLUDE_IN_FRAMEWORK_HEADER = YES;
				CLANG_WARN_RANGE_LOOP_ANALYSIS = YES;
				CLANG_WARN_STRICT_PROTOTYPES = YES;
				CLANG_WARN_SUSPICIOUS_MOVE = YES;
				CLANG_WARN_UNGUARDED_AVAILABILITY = YES_AGGRESSIVE;
				CLANG_WARN_UNREACHABLE_CODE = YES;
				CLANG_WARN__DUPLICATE_METHOD_MATCH = YES;
				COPY_PHASE_STRIP = NO;
				DEBUG_INFORMATION_FORMAT = "dwarf-with-dsym";
				ENABLE_NS_ASSERTIONS = NO;
				ENABLE_STRICT_OBJC_MSGSEND = YES;
				ENABLE_USER_SCRIPT_SANDBOXING = YES;
				GCC_C_LANGUAGE_STANDARD = gnu17;
				GCC_NO_COMMON_BLOCKS = YES;
				GCC_WARN_64_TO_32_BIT_CONVERSION = YES;
				GCC_WARN_ABOUT_RETURN_TYPE = YES_ERROR;
				GCC_WARN_UNDECLARED_SELECTOR = YES;
				GCC_WARN_UNINITIALIZED_AUTOS = YES_AGGRESSIVE;
				GCC_WARN_UNUSED_FUNCTION = YES;
				GCC_WARN_UNUSED_VARIABLE = YES;
				IPHONEOS_DEPLOYMENT_TARGET = 16.0;
				LOCALIZATION_PREFERS_STRING_CATALOGS = YES;
				MTL_ENABLE_DEBUG_INFO = NO;
				MTL_FAST_MATH = YES;
				SDKROOT = iphoneos;
				SWIFT_COMPILATION_MODE = wholemodule;
				VALIDATE_PRODUCT = YES;
			};
			name = Release;
		};
		2BA9813A2BB4A1930027CE94 /* Debug */ = {
			isa = XCBuildConfiguration;
			buildSettings = {
				ASSETCATALOG_COMPILER_APPICON_NAME = AppIcon;
				ASSETCATALOG_COMPILER_GLOBAL_ACCENT_COLOR_NAME = AccentColor;
				CODE_SIGN_STYLE = Automatic;
				CURRENT_PROJECT_VERSION = 1;
				DEVELOPMENT_ASSET_PATHS = "\"TVmazeAssessment/Preview Content\"";
				DEVELOPMENT_TEAM = H7MUL7BCTG;
				ENABLE_PREVIEWS = YES;
				GENERATE_INFOPLIST_FILE = YES;
				INFOPLIST_FILE = TVmazeAssessment/Info.plist;
				INFOPLIST_KEY_UIApplicationSceneManifest_Generation = YES;
				INFOPLIST_KEY_UIApplicationSupportsIndirectInputEvents = YES;
				INFOPLIST_KEY_UILaunchScreen_Generation = YES;
				INFOPLIST_KEY_UISupportedInterfaceOrientations_iPad = "UIInterfaceOrientationPortrait UIInterfaceOrientationPortraitUpsideDown UIInterfaceOrientationLandscapeLeft UIInterfaceOrientationLandscapeRight";
				INFOPLIST_KEY_UISupportedInterfaceOrientations_iPhone = "UIInterfaceOrientationPortrait UIInterfaceOrientationLandscapeLeft UIInterfaceOrientationLandscapeRight";
				IPHONEOS_DEPLOYMENT_TARGET = 16.0;
				LD_RUNPATH_SEARCH_PATHS = (
					"$(inherited)",
					"@executable_path/Frameworks",
				);
				MARKETING_VERSION = 1.0;
				PRODUCT_BUNDLE_IDENTIFIER = com.otaviokz.TVmazeAssessment;
				PRODUCT_NAME = "$(TARGET_NAME)";
				SWIFT_EMIT_LOC_STRINGS = YES;
				SWIFT_VERSION = 5.0;
				TARGETED_DEVICE_FAMILY = "1,2";
			};
			name = Debug;
		};
		2BA9813B2BB4A1930027CE94 /* Release */ = {
			isa = XCBuildConfiguration;
			buildSettings = {
				ASSETCATALOG_COMPILER_APPICON_NAME = AppIcon;
				ASSETCATALOG_COMPILER_GLOBAL_ACCENT_COLOR_NAME = AccentColor;
				CODE_SIGN_STYLE = Automatic;
				CURRENT_PROJECT_VERSION = 1;
				DEVELOPMENT_ASSET_PATHS = "\"TVmazeAssessment/Preview Content\"";
				DEVELOPMENT_TEAM = H7MUL7BCTG;
				ENABLE_PREVIEWS = YES;
				GENERATE_INFOPLIST_FILE = YES;
				INFOPLIST_FILE = TVmazeAssessment/Info.plist;
				INFOPLIST_KEY_UIApplicationSceneManifest_Generation = YES;
				INFOPLIST_KEY_UIApplicationSupportsIndirectInputEvents = YES;
				INFOPLIST_KEY_UILaunchScreen_Generation = YES;
				INFOPLIST_KEY_UISupportedInterfaceOrientations_iPad = "UIInterfaceOrientationPortrait UIInterfaceOrientationPortraitUpsideDown UIInterfaceOrientationLandscapeLeft UIInterfaceOrientationLandscapeRight";
				INFOPLIST_KEY_UISupportedInterfaceOrientations_iPhone = "UIInterfaceOrientationPortrait UIInterfaceOrientationLandscapeLeft UIInterfaceOrientationLandscapeRight";
				IPHONEOS_DEPLOYMENT_TARGET = 16.0;
				LD_RUNPATH_SEARCH_PATHS = (
					"$(inherited)",
					"@executable_path/Frameworks",
				);
				MARKETING_VERSION = 1.0;
				PRODUCT_BUNDLE_IDENTIFIER = com.otaviokz.TVmazeAssessment;
				PRODUCT_NAME = "$(TARGET_NAME)";
				SWIFT_EMIT_LOC_STRINGS = YES;
				SWIFT_VERSION = 5.0;
				TARGETED_DEVICE_FAMILY = "1,2";
			};
			name = Release;
		};
		2BA9813D2BB4A1930027CE94 /* Debug */ = {
			isa = XCBuildConfiguration;
			buildSettings = {
				ALWAYS_EMBED_SWIFT_STANDARD_LIBRARIES = YES;
				BUNDLE_LOADER = "$(TEST_HOST)";
				CODE_SIGN_STYLE = Automatic;
				CURRENT_PROJECT_VERSION = 1;
				DEVELOPMENT_TEAM = H7MUL7BCTG;
				GENERATE_INFOPLIST_FILE = YES;
				IPHONEOS_DEPLOYMENT_TARGET = 17.0;
				MARKETING_VERSION = 1.0;
				PRODUCT_BUNDLE_IDENTIFIER = com.otaviokz.TVmazeAssessmentTests;
				PRODUCT_NAME = "$(TARGET_NAME)";
				SWIFT_EMIT_LOC_STRINGS = NO;
				SWIFT_VERSION = 5.0;
				TARGETED_DEVICE_FAMILY = "1,2";
				TEST_HOST = "$(BUILT_PRODUCTS_DIR)/TVmazeAssessment.app/$(BUNDLE_EXECUTABLE_FOLDER_PATH)/TVmazeAssessment";
			};
			name = Debug;
		};
		2BA9813E2BB4A1930027CE94 /* Release */ = {
			isa = XCBuildConfiguration;
			buildSettings = {
				ALWAYS_EMBED_SWIFT_STANDARD_LIBRARIES = YES;
				BUNDLE_LOADER = "$(TEST_HOST)";
				CODE_SIGN_STYLE = Automatic;
				CURRENT_PROJECT_VERSION = 1;
				DEVELOPMENT_TEAM = H7MUL7BCTG;
				GENERATE_INFOPLIST_FILE = YES;
				IPHONEOS_DEPLOYMENT_TARGET = 17.0;
				MARKETING_VERSION = 1.0;
				PRODUCT_BUNDLE_IDENTIFIER = com.otaviokz.TVmazeAssessmentTests;
				PRODUCT_NAME = "$(TARGET_NAME)";
				SWIFT_EMIT_LOC_STRINGS = NO;
				SWIFT_VERSION = 5.0;
				TARGETED_DEVICE_FAMILY = "1,2";
				TEST_HOST = "$(BUILT_PRODUCTS_DIR)/TVmazeAssessment.app/$(BUNDLE_EXECUTABLE_FOLDER_PATH)/TVmazeAssessment";
			};
			name = Release;
		};
		2BA981402BB4A1930027CE94 /* Debug */ = {
			isa = XCBuildConfiguration;
			buildSettings = {
				ALWAYS_EMBED_SWIFT_STANDARD_LIBRARIES = YES;
				CODE_SIGN_STYLE = Automatic;
				CURRENT_PROJECT_VERSION = 1;
				DEVELOPMENT_TEAM = H7MUL7BCTG;
				GENERATE_INFOPLIST_FILE = YES;
				MARKETING_VERSION = 1.0;
				PRODUCT_BUNDLE_IDENTIFIER = com.otaviokz.TVmazeAssessmentUITests;
				PRODUCT_NAME = "$(TARGET_NAME)";
				SWIFT_EMIT_LOC_STRINGS = NO;
				SWIFT_VERSION = 5.0;
				TARGETED_DEVICE_FAMILY = "1,2";
				TEST_TARGET_NAME = TVmazeAssessment;
			};
			name = Debug;
		};
		2BA981412BB4A1930027CE94 /* Release */ = {
			isa = XCBuildConfiguration;
			buildSettings = {
				ALWAYS_EMBED_SWIFT_STANDARD_LIBRARIES = YES;
				CODE_SIGN_STYLE = Automatic;
				CURRENT_PROJECT_VERSION = 1;
				DEVELOPMENT_TEAM = H7MUL7BCTG;
				GENERATE_INFOPLIST_FILE = YES;
				MARKETING_VERSION = 1.0;
				PRODUCT_BUNDLE_IDENTIFIER = com.otaviokz.TVmazeAssessmentUITests;
				PRODUCT_NAME = "$(TARGET_NAME)";
				SWIFT_EMIT_LOC_STRINGS = NO;
				SWIFT_VERSION = 5.0;
				TARGETED_DEVICE_FAMILY = "1,2";
				TEST_TARGET_NAME = TVmazeAssessment;
			};
			name = Release;
		};
/* End XCBuildConfiguration section */

/* Begin XCConfigurationList section */
		2BA9810E2BB4A1910027CE94 /* Build configuration list for PBXProject "TVmazeAssessment" */ = {
			isa = XCConfigurationList;
			buildConfigurations = (
				2BA981372BB4A1930027CE94 /* Debug */,
				2BA981382BB4A1930027CE94 /* Release */,
			);
			defaultConfigurationIsVisible = 0;
			defaultConfigurationName = Release;
		};
		2BA981392BB4A1930027CE94 /* Build configuration list for PBXNativeTarget "TVmazeAssessment" */ = {
			isa = XCConfigurationList;
			buildConfigurations = (
				2BA9813A2BB4A1930027CE94 /* Debug */,
				2BA9813B2BB4A1930027CE94 /* Release */,
			);
			defaultConfigurationIsVisible = 0;
			defaultConfigurationName = Release;
		};
		2BA9813C2BB4A1930027CE94 /* Build configuration list for PBXNativeTarget "TVmazeAssessmentTests" */ = {
			isa = XCConfigurationList;
			buildConfigurations = (
				2BA9813D2BB4A1930027CE94 /* Debug */,
				2BA9813E2BB4A1930027CE94 /* Release */,
			);
			defaultConfigurationIsVisible = 0;
			defaultConfigurationName = Release;
		};
		2BA9813F2BB4A1930027CE94 /* Build configuration list for PBXNativeTarget "TVmazeAssessmentUITests" */ = {
			isa = XCConfigurationList;
			buildConfigurations = (
				2BA981402BB4A1930027CE94 /* Debug */,
				2BA981412BB4A1930027CE94 /* Release */,
			);
			defaultConfigurationIsVisible = 0;
			defaultConfigurationName = Release;
		};
/* End XCConfigurationList section */
	};
	rootObject = 2BA9810B2BB4A1910027CE94 /* Project object */;
}
